github.com/SimonWaldherr/micromarkdownGo v0.0.0-20141004173027-630cbedab994 h1:WdVd50CR5Sx/xKs3Nf50YHsc9YvA1d6g1/UwC39yp7o=
github.com/SimonWaldherr/micromarkdownGo v0.0.0-20141004173027-630cbedab994/go.mod h1:FM1NnitsfTQvoUUaYvPkEb3AGbTQzG2kEA6InfC6sRQ=
github.com/mxk/go-sqlite v0.0.0-20140611214908-167da9432e1f h1:QlH4jpcTbMzpK5ymxjC6k/m22jkcS7uSUeiB9tF8qKs=
github.com/mxk/go-sqlite v0.0.0-20140611214908-167da9432e1f/go.mod h1:pkc41e3zYdLbnNZr/Zr5u/Ozr7D0p8EorhQiE+DmM4Y=
